
Microsoft Visual Studio Solution File, Format Version 12.00
# Visual Studio Version 17
VisualStudioVersion = 17.4.33103.184
MinimumVisualStudioVersion = 10.0.40219.1
Project("{FAE04EC0-301F-11D3-BF4B-00C04F79EFBC}") = "PascalWeb", "PascalWeb\PascalWeb.csproj", "{0DB5383F-B3AF-400F-8D85-87EF4AA913C9}"
EndProject
Global
	GlobalSection(SolutionConfigurationPlatforms) = preSolution
		Debug|Any CPU = Debug|Any CPU
		Release|Any CPU = Release|Any CPU
	EndGlobalSection
	GlobalSection(ProjectConfigurationPlatforms) = postSolution
		{0DB5383F-B3AF-400F-8D85-87EF4AA913C9}.Debug|Any CPU.ActiveCfg = Debug|Any CPU
		{0DB5383F-B3AF-400F-8D85-87EF4AA913C9}.Debug|Any CPU.Build.0 = Debug|Any CPU
		{0DB5383F-B3AF-400F-8D85-87EF4AA913C9}.Release|Any CPU.ActiveCfg = Release|Any CPU
		{0DB5383F-B3AF-400F-8D85-87EF4AA913C9}.Release|Any CPU.Build.0 = Release|Any CPU
	EndGlobalSection
	GlobalSection(SolutionProperties) = preSolution
		HideSolutionNode = FALSE
	EndGlobalSection
	GlobalSection(ExtensibilityGlobals) = postSolution
		SolutionGuid = {B356D95F-DFC2-4EAD-8F6D-E9BB0B3D94A2}
	EndGlobalSection
EndGlobal
